// !$*UTF8*$!
{
	archiveVersion = 1;
	classes = {
	};
	objectVersion = 55;
	objects = {

/* Begin PBXBuildFile section */
		196C6635270ACC2C008A976B /* AppDelegate.swift in Sources */ = {isa = PBXBuildFile; fileRef = 196C6634270ACC2C008A976B /* AppDelegate.swift */; };
		196C6637270ACC2C008A976B /* SceneDelegate.swift in Sources */ = {isa = PBXBuildFile; fileRef = 196C6636270ACC2C008A976B /* SceneDelegate.swift */; };
		196C6639270ACC2C008A976B /* SignInViewController.swift in Sources */ = {isa = PBXBuildFile; fileRef = 196C6638270ACC2C008A976B /* SignInViewController.swift */; };
		196C663C270ACC2C008A976B /* SignIn.storyboard in Resources */ = {isa = PBXBuildFile; fileRef = 196C663A270ACC2C008A976B /* SignIn.storyboard */; };
		196C663E270ACC2E008A976B /* Assets.xcassets in Resources */ = {isa = PBXBuildFile; fileRef = 196C663D270ACC2E008A976B /* Assets.xcassets */; };
		196C6641270ACC2E008A976B /* LaunchScreen.storyboard in Resources */ = {isa = PBXBuildFile; fileRef = 196C663F270ACC2E008A976B /* LaunchScreen.storyboard */; };
		196C664C270ACC2E008A976B /* week1_HWTests.swift in Sources */ = {isa = PBXBuildFile; fileRef = 196C664B270ACC2E008A976B /* week1_HWTests.swift */; };
		196C6656270ACC2E008A976B /* week1_HWUITests.swift in Sources */ = {isa = PBXBuildFile; fileRef = 196C6655270ACC2E008A976B /* week1_HWUITests.swift */; };
		196C6658270ACC2E008A976B /* week1_HWUITestsLaunchTests.swift in Sources */ = {isa = PBXBuildFile; fileRef = 196C6657270ACC2E008A976B /* week1_HWUITestsLaunchTests.swift */; };
		197DB82D270AEFC10014A430 /* SignUpViewController.swift in Sources */ = {isa = PBXBuildFile; fileRef = 197DB82C270AEFC10014A430 /* SignUpViewController.swift */; };
		197DB82F270AEFD20014A430 /* ConfirmViewController.swift in Sources */ = {isa = PBXBuildFile; fileRef = 197DB82E270AEFD20014A430 /* ConfirmViewController.swift */; };
		19B036162729659100106E46 /* SignUp.storyboard in Resources */ = {isa = PBXBuildFile; fileRef = 19B036152729659100106E46 /* SignUp.storyboard */; };
		19B0361827296E3900106E46 /* Confirm.storyboard in Resources */ = {isa = PBXBuildFile; fileRef = 19B0361727296E3900106E46 /* Confirm.storyboard */; };
		19B0361A272973CC00106E46 /* Tabbar.storyboard in Resources */ = {isa = PBXBuildFile; fileRef = 19B03619272973CC00106E46 /* Tabbar.storyboard */; };
		19B0361C272974CE00106E46 /* HomeTabViewController.swift in Sources */ = {isa = PBXBuildFile; fileRef = 19B0361B272974CE00106E46 /* HomeTabViewController.swift */; };
		19B0361E272974E700106E46 /* ShortTabViewController.swift in Sources */ = {isa = PBXBuildFile; fileRef = 19B0361D272974E700106E46 /* ShortTabViewController.swift */; };
		19B03620272974F400106E46 /* AddTabViewController.swift in Sources */ = {isa = PBXBuildFile; fileRef = 19B0361F272974F400106E46 /* AddTabViewController.swift */; };
		19B036222729750400106E46 /* SubscribeTabViewController.swift in Sources */ = {isa = PBXBuildFile; fileRef = 19B036212729750400106E46 /* SubscribeTabViewController.swift */; };
		19B036242729752200106E46 /* StorageTabViewController.swift in Sources */ = {isa = PBXBuildFile; fileRef = 19B036232729752200106E46 /* StorageTabViewController.swift */; };
		19B036262729754B00106E46 /* HomeTab.storyboard in Resources */ = {isa = PBXBuildFile; fileRef = 19B036252729754B00106E46 /* HomeTab.storyboard */; };
		19B036282729755200106E46 /* ShortTab.storyboard in Resources */ = {isa = PBXBuildFile; fileRef = 19B036272729755200106E46 /* ShortTab.storyboard */; };
		19B0362A2729755800106E46 /* AddTab.storyboard in Resources */ = {isa = PBXBuildFile; fileRef = 19B036292729755800106E46 /* AddTab.storyboard */; };
		19B0362E2729759400106E46 /* SubscribeTab.storyboard in Resources */ = {isa = PBXBuildFile; fileRef = 19B0362D2729759400106E46 /* SubscribeTab.storyboard */; };
		19B036302729759A00106E46 /* StorageTab.storyboard in Resources */ = {isa = PBXBuildFile; fileRef = 19B0362F2729759A00106E46 /* StorageTab.storyboard */; };
		19B036382729A6CD00106E46 /* TabbarViewController.swift in Sources */ = {isa = PBXBuildFile; fileRef = 19B036372729A6CD00106E46 /* TabbarViewController.swift */; };
		19B0363B2729AE3700106E46 /* ShortsCollectionViewCell.swift in Sources */ = {isa = PBXBuildFile; fileRef = 19B036392729AE3700106E46 /* ShortsCollectionViewCell.swift */; };
		19B0363C2729AE3700106E46 /* ShortsCollectionViewCell.xib in Resources */ = {isa = PBXBuildFile; fileRef = 19B0363A2729AE3700106E46 /* ShortsCollectionViewCell.xib */; };
		19B0363F2729B57E00106E46 /* VideoListTableViewCell.swift in Sources */ = {isa = PBXBuildFile; fileRef = 19B0363D2729B57E00106E46 /* VideoListTableViewCell.swift */; };
		19B036402729B57E00106E46 /* VideoListTableViewCell.xib in Resources */ = {isa = PBXBuildFile; fileRef = 19B0363E2729B57E00106E46 /* VideoListTableViewCell.xib */; };
		19B036442729C10200106E46 /* VideoListData.swift in Sources */ = {isa = PBXBuildFile; fileRef = 19B036432729C10200106E46 /* VideoListData.swift */; };
		19B036462729C54A00106E46 /* ShortsIconData.swift in Sources */ = {isa = PBXBuildFile; fileRef = 19B036452729C54A00106E46 /* ShortsIconData.swift */; };
		19B036492729D24600106E46 /* RecommendCollectionViewCell.swift in Sources */ = {isa = PBXBuildFile; fileRef = 19B036472729D24600106E46 /* RecommendCollectionViewCell.swift */; };
		19B0364A2729D24600106E46 /* RecommendCollectionViewCell.xib in Resources */ = {isa = PBXBuildFile; fileRef = 19B036482729D24600106E46 /* RecommendCollectionViewCell.xib */; };
		19B0364C2729D4C500106E46 /* RecommendData.swift in Sources */ = {isa = PBXBuildFile; fileRef = 19B0364B2729D4C500106E46 /* RecommendData.swift */; };
		19D3CA91273B966C00EB55AF /* APIConstants.swift in Sources */ = {isa = PBXBuildFile; fileRef = 19D3CA90273B966C00EB55AF /* APIConstants.swift */; };
		19D3CA93273B971500EB55AF /* NetworkResult.swift in Sources */ = {isa = PBXBuildFile; fileRef = 19D3CA92273B971500EB55AF /* NetworkResult.swift */; };
		19D3CA98273B9C4E00EB55AF /* SignResponseDataModel.swift in Sources */ = {isa = PBXBuildFile; fileRef = 19D3CA97273B9C4E00EB55AF /* SignResponseDataModel.swift */; };
		19D3CA9D273B9D7800EB55AF /* UserSignService.swift in Sources */ = {isa = PBXBuildFile; fileRef = 19D3CA9C273B9D7800EB55AF /* UserSignService.swift */; };
		26BB71EE148383B61354C89B /* Pods_29th_iOS_HW_29th_iOS_HWUITests.framework in Frameworks */ = {isa = PBXBuildFile; fileRef = 4459CC1B1DBE4505EA92BA83 /* Pods_29th_iOS_HW_29th_iOS_HWUITests.framework */; };
		7A581B62669E147595439263 /* Pods_29th_iOS_HW.framework in Frameworks */ = {isa = PBXBuildFile; fileRef = 5A4BBA97F14B9D1F61AA9C60 /* Pods_29th_iOS_HW.framework */; };
		C02797E12BBBC5D0B1C4A894 /* Pods_29th_iOS_HWTests.framework in Frameworks */ = {isa = PBXBuildFile; fileRef = 0E4FFBFE321397831D6D3BA5 /* Pods_29th_iOS_HWTests.framework */; };
/* End PBXBuildFile section */

/* Begin PBXContainerItemProxy section */
		196C6648270ACC2E008A976B /* PBXContainerItemProxy */ = {
			isa = PBXContainerItemProxy;
			containerPortal = 196C6629270ACC2C008A976B /* Project object */;
			proxyType = 1;
			remoteGlobalIDString = 196C6630270ACC2C008A976B;
			remoteInfo = "week1-HW";
		};
		196C6652270ACC2E008A976B /* PBXContainerItemProxy */ = {
			isa = PBXContainerItemProxy;
			containerPortal = 196C6629270ACC2C008A976B /* Project object */;
			proxyType = 1;
			remoteGlobalIDString = 196C6630270ACC2C008A976B;
			remoteInfo = "week1-HW";
		};
/* End PBXContainerItemProxy section */

/* Begin PBXFileReference section */
		0E4FFBFE321397831D6D3BA5 /* Pods_29th_iOS_HWTests.framework */ = {isa = PBXFileReference; explicitFileType = wrapper.framework; includeInIndex = 0; path = Pods_29th_iOS_HWTests.framework; sourceTree = BUILT_PRODUCTS_DIR; };
		196C6631270ACC2C008A976B /* 29th-iOS-HW.app */ = {isa = PBXFileReference; explicitFileType = wrapper.application; includeInIndex = 0; path = "29th-iOS-HW.app"; sourceTree = BUILT_PRODUCTS_DIR; };
		196C6634270ACC2C008A976B /* AppDelegate.swift */ = {isa = PBXFileReference; lastKnownFileType = sourcecode.swift; path = AppDelegate.swift; sourceTree = "<group>"; };
		196C6636270ACC2C008A976B /* SceneDelegate.swift */ = {isa = PBXFileReference; lastKnownFileType = sourcecode.swift; path = SceneDelegate.swift; sourceTree = "<group>"; };
		196C6638270ACC2C008A976B /* SignInViewController.swift */ = {isa = PBXFileReference; lastKnownFileType = sourcecode.swift; path = SignInViewController.swift; sourceTree = "<group>"; };
		196C663B270ACC2C008A976B /* Base */ = {isa = PBXFileReference; lastKnownFileType = file.storyboard; name = Base; path = Base.lproj/SignIn.storyboard; sourceTree = "<group>"; };
		196C663D270ACC2E008A976B /* Assets.xcassets */ = {isa = PBXFileReference; lastKnownFileType = folder.assetcatalog; path = Assets.xcassets; sourceTree = "<group>"; };
		196C6640270ACC2E008A976B /* Base */ = {isa = PBXFileReference; lastKnownFileType = file.storyboard; name = Base; path = Base.lproj/LaunchScreen.storyboard; sourceTree = "<group>"; };
		196C6642270ACC2E008A976B /* Info.plist */ = {isa = PBXFileReference; lastKnownFileType = text.plist.xml; path = Info.plist; sourceTree = "<group>"; };
		196C6647270ACC2E008A976B /* 29th-iOS-HWTests.xctest */ = {isa = PBXFileReference; explicitFileType = wrapper.cfbundle; includeInIndex = 0; path = "29th-iOS-HWTests.xctest"; sourceTree = BUILT_PRODUCTS_DIR; };
		196C664B270ACC2E008A976B /* week1_HWTests.swift */ = {isa = PBXFileReference; lastKnownFileType = sourcecode.swift; path = week1_HWTests.swift; sourceTree = "<group>"; };
		196C6651270ACC2E008A976B /* 29th-iOS-HWUITests.xctest */ = {isa = PBXFileReference; explicitFileType = wrapper.cfbundle; includeInIndex = 0; path = "29th-iOS-HWUITests.xctest"; sourceTree = BUILT_PRODUCTS_DIR; };
		196C6655270ACC2E008A976B /* week1_HWUITests.swift */ = {isa = PBXFileReference; lastKnownFileType = sourcecode.swift; path = week1_HWUITests.swift; sourceTree = "<group>"; };
		196C6657270ACC2E008A976B /* week1_HWUITestsLaunchTests.swift */ = {isa = PBXFileReference; lastKnownFileType = sourcecode.swift; path = week1_HWUITestsLaunchTests.swift; sourceTree = "<group>"; };
		197DB82C270AEFC10014A430 /* SignUpViewController.swift */ = {isa = PBXFileReference; lastKnownFileType = sourcecode.swift; path = SignUpViewController.swift; sourceTree = "<group>"; };
		197DB82E270AEFD20014A430 /* ConfirmViewController.swift */ = {isa = PBXFileReference; lastKnownFileType = sourcecode.swift; path = ConfirmViewController.swift; sourceTree = "<group>"; };
		19B036152729659100106E46 /* SignUp.storyboard */ = {isa = PBXFileReference; lastKnownFileType = file.storyboard; path = SignUp.storyboard; sourceTree = "<group>"; };
		19B0361727296E3900106E46 /* Confirm.storyboard */ = {isa = PBXFileReference; lastKnownFileType = file.storyboard; path = Confirm.storyboard; sourceTree = "<group>"; };
		19B03619272973CC00106E46 /* Tabbar.storyboard */ = {isa = PBXFileReference; lastKnownFileType = file.storyboard; path = Tabbar.storyboard; sourceTree = "<group>"; };
		19B0361B272974CE00106E46 /* HomeTabViewController.swift */ = {isa = PBXFileReference; lastKnownFileType = sourcecode.swift; path = HomeTabViewController.swift; sourceTree = "<group>"; };
		19B0361D272974E700106E46 /* ShortTabViewController.swift */ = {isa = PBXFileReference; lastKnownFileType = sourcecode.swift; path = ShortTabViewController.swift; sourceTree = "<group>"; };
		19B0361F272974F400106E46 /* AddTabViewController.swift */ = {isa = PBXFileReference; lastKnownFileType = sourcecode.swift; path = AddTabViewController.swift; sourceTree = "<group>"; };
		19B036212729750400106E46 /* SubscribeTabViewController.swift */ = {isa = PBXFileReference; lastKnownFileType = sourcecode.swift; path = SubscribeTabViewController.swift; sourceTree = "<group>"; };
		19B036232729752200106E46 /* StorageTabViewController.swift */ = {isa = PBXFileReference; lastKnownFileType = sourcecode.swift; path = StorageTabViewController.swift; sourceTree = "<group>"; };
		19B036252729754B00106E46 /* HomeTab.storyboard */ = {isa = PBXFileReference; lastKnownFileType = file.storyboard; path = HomeTab.storyboard; sourceTree = "<group>"; };
		19B036272729755200106E46 /* ShortTab.storyboard */ = {isa = PBXFileReference; lastKnownFileType = file.storyboard; path = ShortTab.storyboard; sourceTree = "<group>"; };
		19B036292729755800106E46 /* AddTab.storyboard */ = {isa = PBXFileReference; lastKnownFileType = file.storyboard; path = AddTab.storyboard; sourceTree = "<group>"; };
		19B0362D2729759400106E46 /* SubscribeTab.storyboard */ = {isa = PBXFileReference; lastKnownFileType = file.storyboard; path = SubscribeTab.storyboard; sourceTree = "<group>"; };
		19B0362F2729759A00106E46 /* StorageTab.storyboard */ = {isa = PBXFileReference; lastKnownFileType = file.storyboard; path = StorageTab.storyboard; sourceTree = "<group>"; };
		19B036372729A6CD00106E46 /* TabbarViewController.swift */ = {isa = PBXFileReference; lastKnownFileType = sourcecode.swift; path = TabbarViewController.swift; sourceTree = "<group>"; };
		19B036392729AE3700106E46 /* ShortsCollectionViewCell.swift */ = {isa = PBXFileReference; lastKnownFileType = sourcecode.swift; path = ShortsCollectionViewCell.swift; sourceTree = "<group>"; };
		19B0363A2729AE3700106E46 /* ShortsCollectionViewCell.xib */ = {isa = PBXFileReference; lastKnownFileType = file.xib; path = ShortsCollectionViewCell.xib; sourceTree = "<group>"; };
		19B0363D2729B57E00106E46 /* VideoListTableViewCell.swift */ = {isa = PBXFileReference; lastKnownFileType = sourcecode.swift; path = VideoListTableViewCell.swift; sourceTree = "<group>"; };
		19B0363E2729B57E00106E46 /* VideoListTableViewCell.xib */ = {isa = PBXFileReference; lastKnownFileType = file.xib; path = VideoListTableViewCell.xib; sourceTree = "<group>"; };
		19B036432729C10200106E46 /* VideoListData.swift */ = {isa = PBXFileReference; lastKnownFileType = sourcecode.swift; path = VideoListData.swift; sourceTree = "<group>"; };
		19B036452729C54A00106E46 /* ShortsIconData.swift */ = {isa = PBXFileReference; lastKnownFileType = sourcecode.swift; path = ShortsIconData.swift; sourceTree = "<group>"; };
		19B036472729D24600106E46 /* RecommendCollectionViewCell.swift */ = {isa = PBXFileReference; lastKnownFileType = sourcecode.swift; path = RecommendCollectionViewCell.swift; sourceTree = "<group>"; };
		19B036482729D24600106E46 /* RecommendCollectionViewCell.xib */ = {isa = PBXFileReference; lastKnownFileType = file.xib; path = RecommendCollectionViewCell.xib; sourceTree = "<group>"; };
		19B0364B2729D4C500106E46 /* RecommendData.swift */ = {isa = PBXFileReference; lastKnownFileType = sourcecode.swift; path = RecommendData.swift; sourceTree = "<group>"; };
		19D3CA90273B966C00EB55AF /* APIConstants.swift */ = {isa = PBXFileReference; lastKnownFileType = sourcecode.swift; path = APIConstants.swift; sourceTree = "<group>"; };
		19D3CA92273B971500EB55AF /* NetworkResult.swift */ = {isa = PBXFileReference; lastKnownFileType = sourcecode.swift; path = NetworkResult.swift; sourceTree = "<group>"; };
		19D3CA97273B9C4E00EB55AF /* SignResponseDataModel.swift */ = {isa = PBXFileReference; lastKnownFileType = sourcecode.swift; path = SignResponseDataModel.swift; sourceTree = "<group>"; };
		19D3CA9C273B9D7800EB55AF /* UserSignService.swift */ = {isa = PBXFileReference; lastKnownFileType = sourcecode.swift; path = UserSignService.swift; sourceTree = "<group>"; };
		33186205EE9BCF1EF64F9E76 /* Pods-29th-iOS-HW.release.xcconfig */ = {isa = PBXFileReference; includeInIndex = 1; lastKnownFileType = text.xcconfig; name = "Pods-29th-iOS-HW.release.xcconfig"; path = "Target Support Files/Pods-29th-iOS-HW/Pods-29th-iOS-HW.release.xcconfig"; sourceTree = "<group>"; };
		4459CC1B1DBE4505EA92BA83 /* Pods_29th_iOS_HW_29th_iOS_HWUITests.framework */ = {isa = PBXFileReference; explicitFileType = wrapper.framework; includeInIndex = 0; path = Pods_29th_iOS_HW_29th_iOS_HWUITests.framework; sourceTree = BUILT_PRODUCTS_DIR; };
		5A4BBA97F14B9D1F61AA9C60 /* Pods_29th_iOS_HW.framework */ = {isa = PBXFileReference; explicitFileType = wrapper.framework; includeInIndex = 0; path = Pods_29th_iOS_HW.framework; sourceTree = BUILT_PRODUCTS_DIR; };
		867929AB5FB0D586A3AE27BE /* Pods-29th-iOS-HWTests.debug.xcconfig */ = {isa = PBXFileReference; includeInIndex = 1; lastKnownFileType = text.xcconfig; name = "Pods-29th-iOS-HWTests.debug.xcconfig"; path = "Target Support Files/Pods-29th-iOS-HWTests/Pods-29th-iOS-HWTests.debug.xcconfig"; sourceTree = "<group>"; };
		A4DA54A92DC4692B45F206F5 /* Pods-29th-iOS-HW-29th-iOS-HWUITests.debug.xcconfig */ = {isa = PBXFileReference; includeInIndex = 1; lastKnownFileType = text.xcconfig; name = "Pods-29th-iOS-HW-29th-iOS-HWUITests.debug.xcconfig"; path = "Target Support Files/Pods-29th-iOS-HW-29th-iOS-HWUITests/Pods-29th-iOS-HW-29th-iOS-HWUITests.debug.xcconfig"; sourceTree = "<group>"; };
		A6978514DC8EDBEA7F803DA6 /* Pods-29th-iOS-HW.debug.xcconfig */ = {isa = PBXFileReference; includeInIndex = 1; lastKnownFileType = text.xcconfig; name = "Pods-29th-iOS-HW.debug.xcconfig"; path = "Target Support Files/Pods-29th-iOS-HW/Pods-29th-iOS-HW.debug.xcconfig"; sourceTree = "<group>"; };
		C8E7093CF19274E4BD5CC811 /* Pods-29th-iOS-HWTests.release.xcconfig */ = {isa = PBXFileReference; includeInIndex = 1; lastKnownFileType = text.xcconfig; name = "Pods-29th-iOS-HWTests.release.xcconfig"; path = "Target Support Files/Pods-29th-iOS-HWTests/Pods-29th-iOS-HWTests.release.xcconfig"; sourceTree = "<group>"; };
		FF08A0A03A41D1C70F6FD0E0 /* Pods-29th-iOS-HW-29th-iOS-HWUITests.release.xcconfig */ = {isa = PBXFileReference; includeInIndex = 1; lastKnownFileType = text.xcconfig; name = "Pods-29th-iOS-HW-29th-iOS-HWUITests.release.xcconfig"; path = "Target Support Files/Pods-29th-iOS-HW-29th-iOS-HWUITests/Pods-29th-iOS-HW-29th-iOS-HWUITests.release.xcconfig"; sourceTree = "<group>"; };
/* End PBXFileReference section */

/* Begin PBXFrameworksBuildPhase section */
		196C662E270ACC2C008A976B /* Frameworks */ = {
			isa = PBXFrameworksBuildPhase;
			buildActionMask = 2147483647;
			files = (
				7A581B62669E147595439263 /* Pods_29th_iOS_HW.framework in Frameworks */,
			);
			runOnlyForDeploymentPostprocessing = 0;
		};
		196C6644270ACC2E008A976B /* Frameworks */ = {
			isa = PBXFrameworksBuildPhase;
			buildActionMask = 2147483647;
			files = (
				C02797E12BBBC5D0B1C4A894 /* Pods_29th_iOS_HWTests.framework in Frameworks */,
			);
			runOnlyForDeploymentPostprocessing = 0;
		};
		196C664E270ACC2E008A976B /* Frameworks */ = {
			isa = PBXFrameworksBuildPhase;
			buildActionMask = 2147483647;
			files = (
				26BB71EE148383B61354C89B /* Pods_29th_iOS_HW_29th_iOS_HWUITests.framework in Frameworks */,
			);
			runOnlyForDeploymentPostprocessing = 0;
		};
/* End PBXFrameworksBuildPhase section */

/* Begin PBXGroup section */
		195E94A1273B8C48003E82C0 /* Cells */ = {
			isa = PBXGroup;
			children = (
				19B036392729AE3700106E46 /* ShortsCollectionViewCell.swift */,
				19B0363D2729B57E00106E46 /* VideoListTableViewCell.swift */,
				19B036472729D24600106E46 /* RecommendCollectionViewCell.swift */,
			);
			path = Cells;
			sourceTree = "<group>";
		};
		195E94A2273B8C9C003E82C0 /* Models */ = {
			isa = PBXGroup;
			children = (
				19B0364B2729D4C500106E46 /* RecommendData.swift */,
				19B036432729C10200106E46 /* VideoListData.swift */,
				19B036452729C54A00106E46 /* ShortsIconData.swift */,
			);
			path = Models;
			sourceTree = "<group>";
		};
		195E94A3273B8CB6003E82C0 /* ViewControllers */ = {
			isa = PBXGroup;
			children = (
				196C6638270ACC2C008A976B /* SignInViewController.swift */,
				19B0361B272974CE00106E46 /* HomeTabViewController.swift */,
				19B0361D272974E700106E46 /* ShortTabViewController.swift */,
				19B0361F272974F400106E46 /* AddTabViewController.swift */,
				19B036212729750400106E46 /* SubscribeTabViewController.swift */,
				19B036232729752200106E46 /* StorageTabViewController.swift */,
				197DB82C270AEFC10014A430 /* SignUpViewController.swift */,
				197DB82E270AEFD20014A430 /* ConfirmViewController.swift */,
				19B036372729A6CD00106E46 /* TabbarViewController.swift */,
			);
			path = ViewControllers;
			sourceTree = "<group>";
		};
		195E94A4273B91B6003E82C0 /* Network */ = {
			isa = PBXGroup;
			children = (
				19D3CA99273B9CEA00EB55AF /* Services */,
				19D3CA96273B9BA000EB55AF /* NetworkModels */,
			);
			path = Network;
			sourceTree = "<group>";
		};
		196C6628270ACC2C008A976B = {
			isa = PBXGroup;
			children = (
				196C6633270ACC2C008A976B /* week1-HW */,
				196C664A270ACC2E008A976B /* week1-HWTests */,
				196C6654270ACC2E008A976B /* week1-HWUITests */,
				196C6632270ACC2C008A976B /* Products */,
				D56ADA4FAA94E8BFFE80A955 /* Pods */,
				2187771A52D290B3EAFADC3A /* Frameworks */,
			);
			sourceTree = "<group>";
		};
		196C6632270ACC2C008A976B /* Products */ = {
			isa = PBXGroup;
			children = (
				196C6631270ACC2C008A976B /* 29th-iOS-HW.app */,
				196C6647270ACC2E008A976B /* 29th-iOS-HWTests.xctest */,
				196C6651270ACC2E008A976B /* 29th-iOS-HWUITests.xctest */,
			);
			name = Products;
			sourceTree = "<group>";
		};
		196C6633270ACC2C008A976B /* week1-HW */ = {
			isa = PBXGroup;
			children = (
				196C6642270ACC2E008A976B /* Info.plist */,
				195E94A4273B91B6003E82C0 /* Network */,
				19D3CA94273B987600EB55AF /* Resources */,
				19D3CA95273B98DB00EB55AF /* Sources */,
			);
			name = "week1-HW";
			path = "29th-iOS-HW";
			sourceTree = "<group>";
		};
		196C664A270ACC2E008A976B /* week1-HWTests */ = {
			isa = PBXGroup;
			children = (
				196C664B270ACC2E008A976B /* week1_HWTests.swift */,
			);
			name = "week1-HWTests";
			path = "29th-iOS-HWTests";
			sourceTree = "<group>";
		};
		196C6654270ACC2E008A976B /* week1-HWUITests */ = {
			isa = PBXGroup;
			children = (
				196C6655270ACC2E008A976B /* week1_HWUITests.swift */,
				196C6657270ACC2E008A976B /* week1_HWUITestsLaunchTests.swift */,
			);
			name = "week1-HWUITests";
			path = "29th-iOS-HWUITests";
			sourceTree = "<group>";
		};
		19B036142729653600106E46 /* Storyboards */ = {
			isa = PBXGroup;
			children = (
				196C663F270ACC2E008A976B /* LaunchScreen.storyboard */,
				196C663A270ACC2C008A976B /* SignIn.storyboard */,
				19B036152729659100106E46 /* SignUp.storyboard */,
				19B0361727296E3900106E46 /* Confirm.storyboard */,
				19B03619272973CC00106E46 /* Tabbar.storyboard */,
				19B036252729754B00106E46 /* HomeTab.storyboard */,
				19B036482729D24600106E46 /* RecommendCollectionViewCell.xib */,
				19B0363E2729B57E00106E46 /* VideoListTableViewCell.xib */,
				19B0363A2729AE3700106E46 /* ShortsCollectionViewCell.xib */,
				19B036272729755200106E46 /* ShortTab.storyboard */,
				19B036292729755800106E46 /* AddTab.storyboard */,
				19B0362D2729759400106E46 /* SubscribeTab.storyboard */,
				19B0362F2729759A00106E46 /* StorageTab.storyboard */,
			);
			path = Storyboards;
			sourceTree = "<group>";
		};
		19D3CA94273B987600EB55AF /* Resources */ = {
			isa = PBXGroup;
			children = (
				19B036142729653600106E46 /* Storyboards */,
				196C6634270ACC2C008A976B /* AppDelegate.swift */,
				196C6636270ACC2C008A976B /* SceneDelegate.swift */,
				196C663D270ACC2E008A976B /* Assets.xcassets */,
			);
			path = Resources;
			sourceTree = "<group>";
		};
		19D3CA95273B98DB00EB55AF /* Sources */ = {
			isa = PBXGroup;
			children = (
				195E94A2273B8C9C003E82C0 /* Models */,
				195E94A1273B8C48003E82C0 /* Cells */,
				195E94A3273B8CB6003E82C0 /* ViewControllers */,
			);
			path = Sources;
			sourceTree = "<group>";
		};
		19D3CA96273B9BA000EB55AF /* NetworkModels */ = {
			isa = PBXGroup;
			children = (
				19D3CA90273B966C00EB55AF /* APIConstants.swift */,
				19D3CA97273B9C4E00EB55AF /* SignResponseDataModel.swift */,
				19D3CA92273B971500EB55AF /* NetworkResult.swift */,
			);
			path = NetworkModels;
			sourceTree = "<group>";
		};
		19D3CA99273B9CEA00EB55AF /* Services */ = {
			isa = PBXGroup;
			children = (
				19D3CA9C273B9D7800EB55AF /* UserSignService.swift */,
			);
			path = Services;
			sourceTree = "<group>";
		};
		2187771A52D290B3EAFADC3A /* Frameworks */ = {
			isa = PBXGroup;
			children = (
				5A4BBA97F14B9D1F61AA9C60 /* Pods_29th_iOS_HW.framework */,
				4459CC1B1DBE4505EA92BA83 /* Pods_29th_iOS_HW_29th_iOS_HWUITests.framework */,
				0E4FFBFE321397831D6D3BA5 /* Pods_29th_iOS_HWTests.framework */,
			);
			name = Frameworks;
			sourceTree = "<group>";
		};
		D56ADA4FAA94E8BFFE80A955 /* Pods */ = {
			isa = PBXGroup;
			children = (
				A6978514DC8EDBEA7F803DA6 /* Pods-29th-iOS-HW.debug.xcconfig */,
				33186205EE9BCF1EF64F9E76 /* Pods-29th-iOS-HW.release.xcconfig */,
				A4DA54A92DC4692B45F206F5 /* Pods-29th-iOS-HW-29th-iOS-HWUITests.debug.xcconfig */,
				FF08A0A03A41D1C70F6FD0E0 /* Pods-29th-iOS-HW-29th-iOS-HWUITests.release.xcconfig */,
				867929AB5FB0D586A3AE27BE /* Pods-29th-iOS-HWTests.debug.xcconfig */,
				C8E7093CF19274E4BD5CC811 /* Pods-29th-iOS-HWTests.release.xcconfig */,
			);
			path = Pods;
			sourceTree = "<group>";
		};
/* End PBXGroup section */

/* Begin PBXNativeTarget section */
		196C6630270ACC2C008A976B /* 29th-iOS-HW */ = {
			isa = PBXNativeTarget;
			buildConfigurationList = 196C665B270ACC2E008A976B /* Build configuration list for PBXNativeTarget "29th-iOS-HW" */;
			buildPhases = (
				918EAA1BE140E1D2F9C27390 /* [CP] Check Pods Manifest.lock */,
				196C662D270ACC2C008A976B /* Sources */,
				196C662E270ACC2C008A976B /* Frameworks */,
				196C662F270ACC2C008A976B /* Resources */,
				BA0E07DE8DF7149EB9649E35 /* [CP] Embed Pods Frameworks */,
			);
			buildRules = (
			);
			dependencies = (
			);
			name = "29th-iOS-HW";
			productName = "week1-HW";
			productReference = 196C6631270ACC2C008A976B /* 29th-iOS-HW.app */;
			productType = "com.apple.product-type.application";
		};
		196C6646270ACC2E008A976B /* 29th-iOS-HWTests */ = {
			isa = PBXNativeTarget;
			buildConfigurationList = 196C665E270ACC2E008A976B /* Build configuration list for PBXNativeTarget "29th-iOS-HWTests" */;
			buildPhases = (
				203CF718475FBFE40A14CF9F /* [CP] Check Pods Manifest.lock */,
				196C6643270ACC2E008A976B /* Sources */,
				196C6644270ACC2E008A976B /* Frameworks */,
				196C6645270ACC2E008A976B /* Resources */,
			);
			buildRules = (
			);
			dependencies = (
				196C6649270ACC2E008A976B /* PBXTargetDependency */,
			);
			name = "29th-iOS-HWTests";
			productName = "week1-HWTests";
			productReference = 196C6647270ACC2E008A976B /* 29th-iOS-HWTests.xctest */;
			productType = "com.apple.product-type.bundle.unit-test";
		};
		196C6650270ACC2E008A976B /* 29th-iOS-HWUITests */ = {
			isa = PBXNativeTarget;
			buildConfigurationList = 196C6661270ACC2E008A976B /* Build configuration list for PBXNativeTarget "29th-iOS-HWUITests" */;
			buildPhases = (
				FF94826F015C68E437FF15F6 /* [CP] Check Pods Manifest.lock */,
				196C664D270ACC2E008A976B /* Sources */,
				196C664E270ACC2E008A976B /* Frameworks */,
				196C664F270ACC2E008A976B /* Resources */,
				4E026F053247E73B6FCFCF26 /* [CP] Embed Pods Frameworks */,
			);
			buildRules = (
			);
			dependencies = (
				196C6653270ACC2E008A976B /* PBXTargetDependency */,
			);
			name = "29th-iOS-HWUITests";
			productName = "week1-HWUITests";
			productReference = 196C6651270ACC2E008A976B /* 29th-iOS-HWUITests.xctest */;
			productType = "com.apple.product-type.bundle.ui-testing";
		};
/* End PBXNativeTarget section */

/* Begin PBXProject section */
		196C6629270ACC2C008A976B /* Project object */ = {
			isa = PBXProject;
			attributes = {
				BuildIndependentTargetsInParallel = 1;
				LastSwiftUpdateCheck = 1300;
				LastUpgradeCheck = 1300;
				TargetAttributes = {
					196C6630270ACC2C008A976B = {
						CreatedOnToolsVersion = 13.0;
					};
					196C6646270ACC2E008A976B = {
						CreatedOnToolsVersion = 13.0;
						TestTargetID = 196C6630270ACC2C008A976B;
					};
					196C6650270ACC2E008A976B = {
						CreatedOnToolsVersion = 13.0;
						TestTargetID = 196C6630270ACC2C008A976B;
					};
				};
			};
			buildConfigurationList = 196C662C270ACC2C008A976B /* Build configuration list for PBXProject "29th-iOS-HW" */;
			compatibilityVersion = "Xcode 13.0";
			developmentRegion = en;
			hasScannedForEncodings = 0;
			knownRegions = (
				en,
				Base,
			);
			mainGroup = 196C6628270ACC2C008A976B;
			productRefGroup = 196C6632270ACC2C008A976B /* Products */;
			projectDirPath = "";
			projectRoot = "";
			targets = (
				196C6630270ACC2C008A976B /* 29th-iOS-HW */,
				196C6646270ACC2E008A976B /* 29th-iOS-HWTests */,
				196C6650270ACC2E008A976B /* 29th-iOS-HWUITests */,
			);
		};
/* End PBXProject section */

/* Begin PBXResourcesBuildPhase section */
		196C662F270ACC2C008A976B /* Resources */ = {
			isa = PBXResourcesBuildPhase;
			buildActionMask = 2147483647;
			files = (
				19B0361A272973CC00106E46 /* Tabbar.storyboard in Resources */,
				19B036282729755200106E46 /* ShortTab.storyboard in Resources */,
				19B036162729659100106E46 /* SignUp.storyboard in Resources */,
				19B036262729754B00106E46 /* HomeTab.storyboard in Resources */,
				196C6641270ACC2E008A976B /* LaunchScreen.storyboard in Resources */,
				196C663E270ACC2E008A976B /* Assets.xcassets in Resources */,
				19B0362A2729755800106E46 /* AddTab.storyboard in Resources */,
				19B0364A2729D24600106E46 /* RecommendCollectionViewCell.xib in Resources */,
				19B0363C2729AE3700106E46 /* ShortsCollectionViewCell.xib in Resources */,
				19B036402729B57E00106E46 /* VideoListTableViewCell.xib in Resources */,
				19B0361827296E3900106E46 /* Confirm.storyboard in Resources */,
				19B036302729759A00106E46 /* StorageTab.storyboard in Resources */,
				196C663C270ACC2C008A976B /* SignIn.storyboard in Resources */,
				19B0362E2729759400106E46 /* SubscribeTab.storyboard in Resources */,
			);
			runOnlyForDeploymentPostprocessing = 0;
		};
		196C6645270ACC2E008A976B /* Resources */ = {
			isa = PBXResourcesBuildPhase;
			buildActionMask = 2147483647;
			files = (
			);
			runOnlyForDeploymentPostprocessing = 0;
		};
		196C664F270ACC2E008A976B /* Resources */ = {
			isa = PBXResourcesBuildPhase;
			buildActionMask = 2147483647;
			files = (
			);
			runOnlyForDeploymentPostprocessing = 0;
		};
/* End PBXResourcesBuildPhase section */

/* Begin PBXShellScriptBuildPhase section */
		203CF718475FBFE40A14CF9F /* [CP] Check Pods Manifest.lock */ = {
			isa = PBXShellScriptBuildPhase;
			buildActionMask = 2147483647;
			files = (
			);
			inputFileListPaths = (
			);
			inputPaths = (
				"${PODS_PODFILE_DIR_PATH}/Podfile.lock",
				"${PODS_ROOT}/Manifest.lock",
			);
			name = "[CP] Check Pods Manifest.lock";
			outputFileListPaths = (
			);
			outputPaths = (
				"$(DERIVED_FILE_DIR)/Pods-29th-iOS-HWTests-checkManifestLockResult.txt",
			);
			runOnlyForDeploymentPostprocessing = 0;
			shellPath = /bin/sh;
			shellScript = "diff \"${PODS_PODFILE_DIR_PATH}/Podfile.lock\" \"${PODS_ROOT}/Manifest.lock\" > /dev/null\nif [ $? != 0 ] ; then\n    # print error to STDERR\n    echo \"error: The sandbox is not in sync with the Podfile.lock. Run 'pod install' or update your CocoaPods installation.\" >&2\n    exit 1\nfi\n# This output is used by Xcode 'outputs' to avoid re-running this script phase.\necho \"SUCCESS\" > \"${SCRIPT_OUTPUT_FILE_0}\"\n";
			showEnvVarsInLog = 0;
		};
		4E026F053247E73B6FCFCF26 /* [CP] Embed Pods Frameworks */ = {
			isa = PBXShellScriptBuildPhase;
			buildActionMask = 2147483647;
			files = (
			);
			inputFileListPaths = (
				"${PODS_ROOT}/Target Support Files/Pods-29th-iOS-HW-29th-iOS-HWUITests/Pods-29th-iOS-HW-29th-iOS-HWUITests-frameworks-${CONFIGURATION}-input-files.xcfilelist",
			);
			name = "[CP] Embed Pods Frameworks";
			outputFileListPaths = (
				"${PODS_ROOT}/Target Support Files/Pods-29th-iOS-HW-29th-iOS-HWUITests/Pods-29th-iOS-HW-29th-iOS-HWUITests-frameworks-${CONFIGURATION}-output-files.xcfilelist",
			);
			runOnlyForDeploymentPostprocessing = 0;
			shellPath = /bin/sh;
			shellScript = "\"${PODS_ROOT}/Target Support Files/Pods-29th-iOS-HW-29th-iOS-HWUITests/Pods-29th-iOS-HW-29th-iOS-HWUITests-frameworks.sh\"\n";
			showEnvVarsInLog = 0;
		};
		918EAA1BE140E1D2F9C27390 /* [CP] Check Pods Manifest.lock */ = {
			isa = PBXShellScriptBuildPhase;
			buildActionMask = 2147483647;
			files = (
			);
			inputFileListPaths = (
			);
			inputPaths = (
				"${PODS_PODFILE_DIR_PATH}/Podfile.lock",
				"${PODS_ROOT}/Manifest.lock",
			);
			name = "[CP] Check Pods Manifest.lock";
			outputFileListPaths = (
			);
			outputPaths = (
				"$(DERIVED_FILE_DIR)/Pods-29th-iOS-HW-checkManifestLockResult.txt",
			);
			runOnlyForDeploymentPostprocessing = 0;
			shellPath = /bin/sh;
			shellScript = "diff \"${PODS_PODFILE_DIR_PATH}/Podfile.lock\" \"${PODS_ROOT}/Manifest.lock\" > /dev/null\nif [ $? != 0 ] ; then\n    # print error to STDERR\n    echo \"error: The sandbox is not in sync with the Podfile.lock. Run 'pod install' or update your CocoaPods installation.\" >&2\n    exit 1\nfi\n# This output is used by Xcode 'outputs' to avoid re-running this script phase.\necho \"SUCCESS\" > \"${SCRIPT_OUTPUT_FILE_0}\"\n";
			showEnvVarsInLog = 0;
		};
		BA0E07DE8DF7149EB9649E35 /* [CP] Embed Pods Frameworks */ = {
			isa = PBXShellScriptBuildPhase;
			buildActionMask = 2147483647;
			files = (
			);
			inputFileListPaths = (
				"${PODS_ROOT}/Target Support Files/Pods-29th-iOS-HW/Pods-29th-iOS-HW-frameworks-${CONFIGURATION}-input-files.xcfilelist",
			);
			name = "[CP] Embed Pods Frameworks";
			outputFileListPaths = (
				"${PODS_ROOT}/Target Support Files/Pods-29th-iOS-HW/Pods-29th-iOS-HW-frameworks-${CONFIGURATION}-output-files.xcfilelist",
			);
			runOnlyForDeploymentPostprocessing = 0;
			shellPath = /bin/sh;
			shellScript = "\"${PODS_ROOT}/Target Support Files/Pods-29th-iOS-HW/Pods-29th-iOS-HW-frameworks.sh\"\n";
			showEnvVarsInLog = 0;
		};
		FF94826F015C68E437FF15F6 /* [CP] Check Pods Manifest.lock */ = {
			isa = PBXShellScriptBuildPhase;
			buildActionMask = 2147483647;
			files = (
			);
			inputFileListPaths = (
			);
			inputPaths = (
				"${PODS_PODFILE_DIR_PATH}/Podfile.lock",
				"${PODS_ROOT}/Manifest.lock",
			);
			name = "[CP] Check Pods Manifest.lock";
			outputFileListPaths = (
			);
			outputPaths = (
				"$(DERIVED_FILE_DIR)/Pods-29th-iOS-HW-29th-iOS-HWUITests-checkManifestLockResult.txt",
			);
			runOnlyForDeploymentPostprocessing = 0;
			shellPath = /bin/sh;
			shellScript = "diff \"${PODS_PODFILE_DIR_PATH}/Podfile.lock\" \"${PODS_ROOT}/Manifest.lock\" > /dev/null\nif [ $? != 0 ] ; then\n    # print error to STDERR\n    echo \"error: The sandbox is not in sync with the Podfile.lock. Run 'pod install' or update your CocoaPods installation.\" >&2\n    exit 1\nfi\n# This output is used by Xcode 'outputs' to avoid re-running this script phase.\necho \"SUCCESS\" > \"${SCRIPT_OUTPUT_FILE_0}\"\n";
			showEnvVarsInLog = 0;
		};
/* End PBXShellScriptBuildPhase section */

/* Begin PBXSourcesBuildPhase section */
		196C662D270ACC2C008A976B /* Sources */ = {
			isa = PBXSourcesBuildPhase;
			buildActionMask = 2147483647;
			files = (
				197DB82F270AEFD20014A430 /* ConfirmViewController.swift in Sources */,
				19D3CA9D273B9D7800EB55AF /* UserSignService.swift in Sources */,
				19B036462729C54A00106E46 /* ShortsIconData.swift in Sources */,
				19D3CA98273B9C4E00EB55AF /* SignResponseDataModel.swift in Sources */,
				19B0363F2729B57E00106E46 /* VideoListTableViewCell.swift in Sources */,
				196C6639270ACC2C008A976B /* SignInViewController.swift in Sources */,
				19B036442729C10200106E46 /* VideoListData.swift in Sources */,
				19B036382729A6CD00106E46 /* TabbarViewController.swift in Sources */,
				196C6635270ACC2C008A976B /* AppDelegate.swift in Sources */,
				19B036492729D24600106E46 /* RecommendCollectionViewCell.swift in Sources */,
				197DB82D270AEFC10014A430 /* SignUpViewController.swift in Sources */,
				19B036242729752200106E46 /* StorageTabViewController.swift in Sources */,
				19B0364C2729D4C500106E46 /* RecommendData.swift in Sources */,
				19B03620272974F400106E46 /* AddTabViewController.swift in Sources */,
				196C6637270ACC2C008A976B /* SceneDelegate.swift in Sources */,
				19B0361E272974E700106E46 /* ShortTabViewController.swift in Sources */,
				19D3CA91273B966C00EB55AF /* APIConstants.swift in Sources */,
				19B0361C272974CE00106E46 /* HomeTabViewController.swift in Sources */,
				19B036222729750400106E46 /* SubscribeTabViewController.swift in Sources */,
				19B0363B2729AE3700106E46 /* ShortsCollectionViewCell.swift in Sources */,
				19D3CA93273B971500EB55AF /* NetworkResult.swift in Sources */,
			);
			runOnlyForDeploymentPostprocessing = 0;
		};
		196C6643270ACC2E008A976B /* Sources */ = {
			isa = PBXSourcesBuildPhase;
			buildActionMask = 2147483647;
			files = (
				196C664C270ACC2E008A976B /* week1_HWTests.swift in Sources */,
			);
			runOnlyForDeploymentPostprocessing = 0;
		};
		196C664D270ACC2E008A976B /* Sources */ = {
			isa = PBXSourcesBuildPhase;
			buildActionMask = 2147483647;
			files = (
				196C6658270ACC2E008A976B /* week1_HWUITestsLaunchTests.swift in Sources */,
				196C6656270ACC2E008A976B /* week1_HWUITests.swift in Sources */,
			);
			runOnlyForDeploymentPostprocessing = 0;
		};
/* End PBXSourcesBuildPhase section */

/* Begin PBXTargetDependency section */
		196C6649270ACC2E008A976B /* PBXTargetDependency */ = {
			isa = PBXTargetDependency;
			target = 196C6630270ACC2C008A976B /* 29th-iOS-HW */;
			targetProxy = 196C6648270ACC2E008A976B /* PBXContainerItemProxy */;
		};
		196C6653270ACC2E008A976B /* PBXTargetDependency */ = {
			isa = PBXTargetDependency;
			target = 196C6630270ACC2C008A976B /* 29th-iOS-HW */;
			targetProxy = 196C6652270ACC2E008A976B /* PBXContainerItemProxy */;
		};
/* End PBXTargetDependency section */

/* Begin PBXVariantGroup section */
		196C663A270ACC2C008A976B /* SignIn.storyboard */ = {
			isa = PBXVariantGroup;
			children = (
				196C663B270ACC2C008A976B /* Base */,
			);
			name = SignIn.storyboard;
			sourceTree = "<group>";
		};
		196C663F270ACC2E008A976B /* LaunchScreen.storyboard */ = {
			isa = PBXVariantGroup;
			children = (
				196C6640270ACC2E008A976B /* Base */,
			);
			name = LaunchScreen.storyboard;
			sourceTree = "<group>";
		};
/* End PBXVariantGroup section */

/* Begin XCBuildConfiguration section */
		196C6659270ACC2E008A976B /* Debug */ = {
			isa = XCBuildConfiguration;
			buildSettings = {
				ALWAYS_SEARCH_USER_PATHS = NO;
				CLANG_ANALYZER_NONNULL = YES;
				CLANG_ANALYZER_NUMBER_OBJECT_CONVERSION = YES_AGGRESSIVE;
				CLANG_CXX_LANGUAGE_STANDARD = "gnu++17";
				CLANG_CXX_LIBRARY = "libc++";
				CLANG_ENABLE_MODULES = YES;
				CLANG_ENABLE_OBJC_ARC = YES;
				CLANG_ENABLE_OBJC_WEAK = YES;
				CLANG_WARN_BLOCK_CAPTURE_AUTORELEASING = YES;
				CLANG_WARN_BOOL_CONVERSION = YES;
				CLANG_WARN_COMMA = YES;
				CLANG_WARN_CONSTANT_CONVERSION = YES;
				CLANG_WARN_DEPRECATED_OBJC_IMPLEMENTATIONS = YES;
				CLANG_WARN_DIRECT_OBJC_ISA_USAGE = YES_ERROR;
				CLANG_WARN_DOCUMENTATION_COMMENTS = YES;
				CLANG_WARN_EMPTY_BODY = YES;
				CLANG_WARN_ENUM_CONVERSION = YES;
				CLANG_WARN_INFINITE_RECURSION = YES;
				CLANG_WARN_INT_CONVERSION = YES;
				CLANG_WARN_NON_LITERAL_NULL_CONVERSION = YES;
				CLANG_WARN_OBJC_IMPLICIT_RETAIN_SELF = YES;
				CLANG_WARN_OBJC_LITERAL_CONVERSION = YES;
				CLANG_WARN_OBJC_ROOT_CLASS = YES_ERROR;
				CLANG_WARN_QUOTED_INCLUDE_IN_FRAMEWORK_HEADER = YES;
				CLANG_WARN_RANGE_LOOP_ANALYSIS = YES;
				CLANG_WARN_STRICT_PROTOTYPES = YES;
				CLANG_WARN_SUSPICIOUS_MOVE = YES;
				CLANG_WARN_UNGUARDED_AVAILABILITY = YES_AGGRESSIVE;
				CLANG_WARN_UNREACHABLE_CODE = YES;
				CLANG_WARN__DUPLICATE_METHOD_MATCH = YES;
				COPY_PHASE_STRIP = NO;
				DEBUG_INFORMATION_FORMAT = dwarf;
				ENABLE_STRICT_OBJC_MSGSEND = YES;
				ENABLE_TESTABILITY = YES;
				GCC_C_LANGUAGE_STANDARD = gnu11;
				GCC_DYNAMIC_NO_PIC = NO;
				GCC_NO_COMMON_BLOCKS = YES;
				GCC_OPTIMIZATION_LEVEL = 0;
				GCC_PREPROCESSOR_DEFINITIONS = (
					"DEBUG=1",
					"$(inherited)",
				);
				GCC_WARN_64_TO_32_BIT_CONVERSION = YES;
				GCC_WARN_ABOUT_RETURN_TYPE = YES_ERROR;
				GCC_WARN_UNDECLARED_SELECTOR = YES;
				GCC_WARN_UNINITIALIZED_AUTOS = YES_AGGRESSIVE;
				GCC_WARN_UNUSED_FUNCTION = YES;
				GCC_WARN_UNUSED_VARIABLE = YES;
				IPHONEOS_DEPLOYMENT_TARGET = 15.0;
				MTL_ENABLE_DEBUG_INFO = INCLUDE_SOURCE;
				MTL_FAST_MATH = YES;
				ONLY_ACTIVE_ARCH = YES;
				SDKROOT = iphoneos;
				SWIFT_ACTIVE_COMPILATION_CONDITIONS = DEBUG;
				SWIFT_OPTIMIZATION_LEVEL = "-Onone";
			};
			name = Debug;
		};
		196C665A270ACC2E008A976B /* Release */ = {
			isa = XCBuildConfiguration;
			buildSettings = {
				ALWAYS_SEARCH_USER_PATHS = NO;
				CLANG_ANALYZER_NONNULL = YES;
				CLANG_ANALYZER_NUMBER_OBJECT_CONVERSION = YES_AGGRESSIVE;
				CLANG_CXX_LANGUAGE_STANDARD = "gnu++17";
				CLANG_CXX_LIBRARY = "libc++";
				CLANG_ENABLE_MODULES = YES;
				CLANG_ENABLE_OBJC_ARC = YES;
				CLANG_ENABLE_OBJC_WEAK = YES;
				CLANG_WARN_BLOCK_CAPTURE_AUTORELEASING = YES;
				CLANG_WARN_BOOL_CONVERSION = YES;
				CLANG_WARN_COMMA = YES;
				CLANG_WARN_CONSTANT_CONVERSION = YES;
				CLANG_WARN_DEPRECATED_OBJC_IMPLEMENTATIONS = YES;
				CLANG_WARN_DIRECT_OBJC_ISA_USAGE = YES_ERROR;
				CLANG_WARN_DOCUMENTATION_COMMENTS = YES;
				CLANG_WARN_EMPTY_BODY = YES;
				CLANG_WARN_ENUM_CONVERSION = YES;
				CLANG_WARN_INFINITE_RECURSION = YES;
				CLANG_WARN_INT_CONVERSION = YES;
				CLANG_WARN_NON_LITERAL_NULL_CONVERSION = YES;
				CLANG_WARN_OBJC_IMPLICIT_RETAIN_SELF = YES;
				CLANG_WARN_OBJC_LITERAL_CONVERSION = YES;
				CLANG_WARN_OBJC_ROOT_CLASS = YES_ERROR;
				CLANG_WARN_QUOTED_INCLUDE_IN_FRAMEWORK_HEADER = YES;
				CLANG_WARN_RANGE_LOOP_ANALYSIS = YES;
				CLANG_WARN_STRICT_PROTOTYPES = YES;
				CLANG_WARN_SUSPICIOUS_MOVE = YES;
				CLANG_WARN_UNGUARDED_AVAILABILITY = YES_AGGRESSIVE;
				CLANG_WARN_UNREACHABLE_CODE = YES;
				CLANG_WARN__DUPLICATE_METHOD_MATCH = YES;
				COPY_PHASE_STRIP = NO;
				DEBUG_INFORMATION_FORMAT = "dwarf-with-dsym";
				ENABLE_NS_ASSERTIONS = NO;
				ENABLE_STRICT_OBJC_MSGSEND = YES;
				GCC_C_LANGUAGE_STANDARD = gnu11;
				GCC_NO_COMMON_BLOCKS = YES;
				GCC_WARN_64_TO_32_BIT_CONVERSION = YES;
				GCC_WARN_ABOUT_RETURN_TYPE = YES_ERROR;
				GCC_WARN_UNDECLARED_SELECTOR = YES;
				GCC_WARN_UNINITIALIZED_AUTOS = YES_AGGRESSIVE;
				GCC_WARN_UNUSED_FUNCTION = YES;
				GCC_WARN_UNUSED_VARIABLE = YES;
				IPHONEOS_DEPLOYMENT_TARGET = 15.0;
				MTL_ENABLE_DEBUG_INFO = NO;
				MTL_FAST_MATH = YES;
				SDKROOT = iphoneos;
				SWIFT_COMPILATION_MODE = wholemodule;
				SWIFT_OPTIMIZATION_LEVEL = "-O";
				VALIDATE_PRODUCT = YES;
			};
			name = Release;
		};
		196C665C270ACC2E008A976B /* Debug */ = {
			isa = XCBuildConfiguration;
			baseConfigurationReference = A6978514DC8EDBEA7F803DA6 /* Pods-29th-iOS-HW.debug.xcconfig */;
			buildSettings = {
				ASSETCATALOG_COMPILER_APPICON_NAME = AppIcon;
				ASSETCATALOG_COMPILER_GLOBAL_ACCENT_COLOR_NAME = AccentColor;
				CODE_SIGN_STYLE = Automatic;
				CURRENT_PROJECT_VERSION = 1;
				DEVELOPMENT_TEAM = K2VAN9GH96;
				GENERATE_INFOPLIST_FILE = YES;
				INFOPLIST_FILE = "29th-iOS-HW/Info.plist";
				INFOPLIST_KEY_CFBundleDisplayName = "29th-iOS-HW";
				INFOPLIST_KEY_UIApplicationSupportsIndirectInputEvents = YES;
				INFOPLIST_KEY_UILaunchStoryboardName = LaunchScreen;
				INFOPLIST_KEY_UIMainStoryboardFile = SignIn;
				INFOPLIST_KEY_UISupportedInterfaceOrientations_iPad = "UIInterfaceOrientationPortrait UIInterfaceOrientationPortraitUpsideDown UIInterfaceOrientationLandscapeLeft UIInterfaceOrientationLandscapeRight";
				INFOPLIST_KEY_UISupportedInterfaceOrientations_iPhone = "UIInterfaceOrientationPortrait UIInterfaceOrientationLandscapeLeft UIInterfaceOrientationLandscapeRight";
				LD_RUNPATH_SEARCH_PATHS = (
					"$(inherited)",
					"@executable_path/Frameworks",
				);
				MARKETING_VERSION = 1.0;
				PRODUCT_BUNDLE_IDENTIFIER = "com.loinsir.29th-iOS-HW";
				PRODUCT_NAME = "$(TARGET_NAME)";
				SWIFT_EMIT_LOC_STRINGS = YES;
				SWIFT_VERSION = 5.0;
				TARGETED_DEVICE_FAMILY = "1,2";
			};
			name = Debug;
		};
		196C665D270ACC2E008A976B /* Release */ = {
			isa = XCBuildConfiguration;
			baseConfigurationReference = 33186205EE9BCF1EF64F9E76 /* Pods-29th-iOS-HW.release.xcconfig */;
			buildSettings = {
				ASSETCATALOG_COMPILER_APPICON_NAME = AppIcon;
				ASSETCATALOG_COMPILER_GLOBAL_ACCENT_COLOR_NAME = AccentColor;
				CODE_SIGN_STYLE = Automatic;
				CURRENT_PROJECT_VERSION = 1;
				DEVELOPMENT_TEAM = K2VAN9GH96;
				GENERATE_INFOPLIST_FILE = YES;
				INFOPLIST_FILE = "29th-iOS-HW/Info.plist";
				INFOPLIST_KEY_CFBundleDisplayName = "29th-iOS-HW";
				INFOPLIST_KEY_UIApplicationSupportsIndirectInputEvents = YES;
				INFOPLIST_KEY_UILaunchStoryboardName = LaunchScreen;
				INFOPLIST_KEY_UIMainStoryboardFile = SignIn;
				INFOPLIST_KEY_UISupportedInterfaceOrientations_iPad = "UIInterfaceOrientationPortrait UIInterfaceOrientationPortraitUpsideDown UIInterfaceOrientationLandscapeLeft UIInterfaceOrientationLandscapeRight";
				INFOPLIST_KEY_UISupportedInterfaceOrientations_iPhone = "UIInterfaceOrientationPortrait UIInterfaceOrientationLandscapeLeft UIInterfaceOrientationLandscapeRight";
				LD_RUNPATH_SEARCH_PATHS = (
					"$(inherited)",
					"@executable_path/Frameworks",
				);
				MARKETING_VERSION = 1.0;
				PRODUCT_BUNDLE_IDENTIFIER = "com.loinsir.29th-iOS-HW";
				PRODUCT_NAME = "$(TARGET_NAME)";
				SWIFT_EMIT_LOC_STRINGS = YES;
				SWIFT_VERSION = 5.0;
				TARGETED_DEVICE_FAMILY = "1,2";
			};
			name = Release;
		};
		196C665F270ACC2E008A976B /* Debug */ = {
			isa = XCBuildConfiguration;
			baseConfigurationReference = 867929AB5FB0D586A3AE27BE /* Pods-29th-iOS-HWTests.debug.xcconfig */;
			buildSettings = {
				ALWAYS_EMBED_SWIFT_STANDARD_LIBRARIES = YES;
				BUNDLE_LOADER = "$(TEST_HOST)";
				CODE_SIGN_STYLE = Automatic;
				CURRENT_PROJECT_VERSION = 1;
				DEVELOPMENT_TEAM = K2VAN9GH96;
				GENERATE_INFOPLIST_FILE = YES;
				IPHONEOS_DEPLOYMENT_TARGET = 15.0;
				LD_RUNPATH_SEARCH_PATHS = (
					"$(inherited)",
					"@executable_path/Frameworks",
					"@loader_path/Frameworks",
				);
				MARKETING_VERSION = 1.0;
				PRODUCT_BUNDLE_IDENTIFIER = "com.loinsir.week1-HWTests";
				PRODUCT_NAME = "$(TARGET_NAME)";
				SWIFT_EMIT_LOC_STRINGS = NO;
				SWIFT_VERSION = 5.0;
				TARGETED_DEVICE_FAMILY = "1,2";
				TEST_HOST = "$(BUILT_PRODUCTS_DIR)/29th-iOS-HW.app/29th-iOS-HW";
			};
			name = Debug;
		};
		196C6660270ACC2E008A976B /* Release */ = {
			isa = XCBuildConfiguration;
			baseConfigurationReference = C8E7093CF19274E4BD5CC811 /* Pods-29th-iOS-HWTests.release.xcconfig */;
			buildSettings = {
				ALWAYS_EMBED_SWIFT_STANDARD_LIBRARIES = YES;
				BUNDLE_LOADER = "$(TEST_HOST)";
				CODE_SIGN_STYLE = Automatic;
				CURRENT_PROJECT_VERSION = 1;
				DEVELOPMENT_TEAM = K2VAN9GH96;
				GENERATE_INFOPLIST_FILE = YES;
				IPHONEOS_DEPLOYMENT_TARGET = 15.0;
				LD_RUNPATH_SEARCH_PATHS = (
					"$(inherited)",
					"@executable_path/Frameworks",
					"@loader_path/Frameworks",
				);
				MARKETING_VERSION = 1.0;
				PRODUCT_BUNDLE_IDENTIFIER = "com.loinsir.week1-HWTests";
				PRODUCT_NAME = "$(TARGET_NAME)";
				SWIFT_EMIT_LOC_STRINGS = NO;
				SWIFT_VERSION = 5.0;
				TARGETED_DEVICE_FAMILY = "1,2";
				TEST_HOST = "$(BUILT_PRODUCTS_DIR)/29th-iOS-HW.app/29th-iOS-HW";
			};
			name = Release;
		};
		196C6662270ACC2E008A976B /* Debug */ = {
			isa = XCBuildConfiguration;
			baseConfigurationReference = A4DA54A92DC4692B45F206F5 /* Pods-29th-iOS-HW-29th-iOS-HWUITests.debug.xcconfig */;
			buildSettings = {
				ALWAYS_EMBED_SWIFT_STANDARD_LIBRARIES = YES;
				CODE_SIGN_STYLE = Automatic;
				CURRENT_PROJECT_VERSION = 1;
				DEVELOPMENT_TEAM = K2VAN9GH96;
				GENERATE_INFOPLIST_FILE = YES;
				LD_RUNPATH_SEARCH_PATHS = (
					"$(inherited)",
					"@executable_path/Frameworks",
					"@loader_path/Frameworks",
				);
				MARKETING_VERSION = 1.0;
				PRODUCT_BUNDLE_IDENTIFIER = "com.loinsir.week1-HWUITests";
				PRODUCT_NAME = "$(TARGET_NAME)";
				SWIFT_EMIT_LOC_STRINGS = NO;
				SWIFT_VERSION = 5.0;
				TARGETED_DEVICE_FAMILY = "1,2";
				TEST_TARGET_NAME = "week1-HW";
			};
			name = Debug;
		};
		196C6663270ACC2E008A976B /* Release */ = {
			isa = XCBuildConfiguration;
			baseConfigurationReference = FF08A0A03A41D1C70F6FD0E0 /* Pods-29th-iOS-HW-29th-iOS-HWUITests.release.xcconfig */;
			buildSettings = {
				ALWAYS_EMBED_SWIFT_STANDARD_LIBRARIES = YES;
				CODE_SIGN_STYLE = Automatic;
				CURRENT_PROJECT_VERSION = 1;
				DEVELOPMENT_TEAM = K2VAN9GH96;
				GENERATE_INFOPLIST_FILE = YES;
				LD_RUNPATH_SEARCH_PATHS = (
					"$(inherited)",
					"@executable_path/Frameworks",
					"@loader_path/Frameworks",
				);
				MARKETING_VERSION = 1.0;
				PRODUCT_BUNDLE_IDENTIFIER = "com.loinsir.week1-HWUITests";
				PRODUCT_NAME = "$(TARGET_NAME)";
				SWIFT_EMIT_LOC_STRINGS = NO;
				SWIFT_VERSION = 5.0;
				TARGETED_DEVICE_FAMILY = "1,2";
				TEST_TARGET_NAME = "week1-HW";
			};
			name = Release;
		};
/* End XCBuildConfiguration section */

/* Begin XCConfigurationList section */
		196C662C270ACC2C008A976B /* Build configuration list for PBXProject "29th-iOS-HW" */ = {
			isa = XCConfigurationList;
			buildConfigurations = (
				196C6659270ACC2E008A976B /* Debug */,
				196C665A270ACC2E008A976B /* Release */,
			);
			defaultConfigurationIsVisible = 0;
			defaultConfigurationName = Release;
		};
		196C665B270ACC2E008A976B /* Build configuration list for PBXNativeTarget "29th-iOS-HW" */ = {
			isa = XCConfigurationList;
			buildConfigurations = (
				196C665C270ACC2E008A976B /* Debug */,
				196C665D270ACC2E008A976B /* Release */,
			);
			defaultConfigurationIsVisible = 0;
			defaultConfigurationName = Release;
		};
		196C665E270ACC2E008A976B /* Build configuration list for PBXNativeTarget "29th-iOS-HWTests" */ = {
			isa = XCConfigurationList;
			buildConfigurations = (
				196C665F270ACC2E008A976B /* Debug */,
				196C6660270ACC2E008A976B /* Release */,
			);
			defaultConfigurationIsVisible = 0;
			defaultConfigurationName = Release;
		};
		196C6661270ACC2E008A976B /* Build configuration list for PBXNativeTarget "29th-iOS-HWUITests" */ = {
			isa = XCConfigurationList;
			buildConfigurations = (
				196C6662270ACC2E008A976B /* Debug */,
				196C6663270ACC2E008A976B /* Release */,
			);
			defaultConfigurationIsVisible = 0;
			defaultConfigurationName = Release;
		};
/* End XCConfigurationList section */
	};
	rootObject = 196C6629270ACC2C008A976B /* Project object */;
}
